
Microsoft Visual Studio Solution File, Format Version 12.00
# Visual Studio Version 17
VisualStudioVersion = 17.13.35931.197 d17.13
MinimumVisualStudioVersion = 10.0.40219.1
Project("{C9674DCB-5085-4A16-B785-4C70DD1589BD}") = "AdventureWorks_ETL", "AdventureWorks_ETL\AdventureWorks_ETL.dtproj", "{DCBF066A-674F-C4F7-25E0-89F75E07475A}"
EndProject
Global
	GlobalSection(SolutionConfigurationPlatforms) = preSolution
		Development|Default = Development|Default
	EndGlobalSection
	GlobalSection(ProjectConfigurationPlatforms) = postSolution
		{DCBF066A-674F-C4F7-25E0-89F75E07475A}.Development|Default.ActiveCfg = Development
		{DCBF066A-674F-C4F7-25E0-89F75E07475A}.Development|Default.Build.0 = Development
	EndGlobalSection
	GlobalSection(SolutionProperties) = preSolution
		HideSolutionNode = FALSE
	EndGlobalSection
	GlobalSection(ExtensibilityGlobals) = postSolution
		SolutionGuid = {F346A2F1-E406-4F8F-ABED-8B7FFAFC28F9}
	EndGlobalSection
EndGlobal
